
Microsoft Visual Studio Solution File, Format Version 12.00
# Visual Studio Version 16
VisualStudioVersion = 16.0.29306.81
MinimumVisualStudioVersion = 10.0.40219.1
Project("{FAE04EC0-301F-11D3-BF4B-00C04F79EFBC}") = "DFSPhoneLetterCombinations", "DFSPhoneLetterCombinations\DFSPhoneLetterCombinations.csproj", "{BBC12F6E-F89F-4DB5-BB8C-88BC99D66030}"
EndProject
Global
	GlobalSection(SolutionConfigurationPlatforms) = preSolution
		Debug|Any CPU = Debug|Any CPU
		Release|Any CPU = Release|Any CPU
	EndGlobalSection
	GlobalSection(ProjectConfigurationPlatforms) = postSolution
		{BBC12F6E-F89F-4DB5-BB8C-88BC99D66030}.Debug|Any CPU.ActiveCfg = Debug|Any CPU
		{BBC12F6E-F89F-4DB5-BB8C-88BC99D66030}.Debug|Any CPU.Build.0 = Debug|Any CPU
		{BBC12F6E-F89F-4DB5-BB8C-88BC99D66030}.Release|Any CPU.ActiveCfg = Release|Any CPU
		{BBC12F6E-F89F-4DB5-BB8C-88BC99D66030}.Release|Any CPU.Build.0 = Release|Any CPU
	EndGlobalSection
	GlobalSection(SolutionProperties) = preSolution
		HideSolutionNode = FALSE
	EndGlobalSection
	GlobalSection(ExtensibilityGlobals) = postSolution
		SolutionGuid = {1621C13E-F96A-46EB-B211-A5A12A616D22}
	EndGlobalSection
EndGlobal
